
Microsoft Visual Studio Solution File, Format Version 12.00
# Visual Studio Version 16
VisualStudioVersion = 16.0.29911.84
MinimumVisualStudioVersion = 10.0.40219.1
Project("{FAE04EC0-301F-11D3-BF4B-00C04F79EFBC}") = "Sentiment analysis Multiclass", "Sentiment analysis Multiclass\Sentiment analysis Multiclass.csproj", "{93F9EC3E-DBA1-4FEA-BEC7-C9AD6F8BC16C}"
EndProject
Global
	GlobalSection(SolutionConfigurationPlatforms) = preSolution
		Debug|Any CPU = Debug|Any CPU
		Release|Any CPU = Release|Any CPU
	EndGlobalSection
	GlobalSection(ProjectConfigurationPlatforms) = postSolution
		{93F9EC3E-DBA1-4FEA-BEC7-C9AD6F8BC16C}.Debug|Any CPU.ActiveCfg = Debug|Any CPU
		{93F9EC3E-DBA1-4FEA-BEC7-C9AD6F8BC16C}.Debug|Any CPU.Build.0 = Debug|Any CPU
		{93F9EC3E-DBA1-4FEA-BEC7-C9AD6F8BC16C}.Release|Any CPU.ActiveCfg = Release|Any CPU
		{93F9EC3E-DBA1-4FEA-BEC7-C9AD6F8BC16C}.Release|Any CPU.Build.0 = Release|Any CPU
	EndGlobalSection
	GlobalSection(SolutionProperties) = preSolution
		HideSolutionNode = FALSE
	EndGlobalSection
	GlobalSection(ExtensibilityGlobals) = postSolution
		SolutionGuid = {96BC05B3-7048-46E1-8104-649DDFFE0C4F}
	EndGlobalSection
EndGlobal
